{
  "name": "backend",
  "version": "1.0.0",
  "lockfileVersion": 3,
  "requires": true,
  "packages": {
    "": {
      "name": "backend",
      "version": "1.0.0",
      "license": "ISC",
      "dependencies": {
        "cors": "^2.8.6",
        "dotenv": "^17.3.1",
        "express": "^5.2.1",
        "multer": "^2.1.0",
        "pg": "^8.20.0"
      }
    },
    "node_modules/@types/node": {
      "version": "25.3.3",
      "resolved": "https://registry.npmjs.org/@types/node/-/node-25.3.3.tgz",
      "integrity": "sha512-DpzbrH7wIcBaJibpKo9nnSQL0MTRdnWttGyE5haGwK86xgMOkFLp7vEyfQPGLOJh5wNYiJ3V9PmUMDhV9u8kkQ==",
      "peer": true,
      "dependencies": {
        "undici-types": "~7.18.0"
      }
    },
    "node_modules/cors": {
      "version": "2.8.6",
      "resolved": "https://registry.npmjs.org/cors/-/cors-2.8.6.tgz",
      "integrity": "sha512-tJtZBBHA6vjIAaF6EnIaq6laBBP9aq/Y3ouVJjEfoHbRBcHBAHYcMh/w8LDrk2PvIMMq8gmopa5D4V8RmbrxGw==",
      "dependencies": {
        "object-assign": "^4",
        "vary": "^1"
      },
      "engines": {
        "node": ">= 0.10"
      }
    },
    "node_modules/dotenv": {
      "version": "17.3.1",
      "resolved": "https://registry.npmjs.org/dotenv/-/dotenv-17.3.1.tgz",
      "integrity": "sha512-IO8C/dzEb6O3F9/twg6ZLXz164a2fhTnEWb95H23Dm4OuN+92NmEAlTrupP9VW6Jm3sO26tQlqyvyi4CsnY9GA==",
      "engines": {
        "node": ">=12"
      }
    },
    "node_modules/express": {
      "version": "5.2.1",
      "resolved": "https://registry.npmjs.org/express/-/express-5.2.1.tgz",
      "integrity": "sha512-hIS4idWWai69NezIdRt2xFVofaF4j+6INOpJlVOLDO8zXGpUVEVzIYk12UUi2JzjEzWL3IOAxcTubgz9Po0yXw==",
      "dependencies": {
        "accepts": "^2.0.0",
        "body-parser": "^2.2.1",
        "content-disposition": "^1.0.0",
        "content-type": "^1.0.5",
        "cookie": "^0.7.1",
        "cookie-signature": "^1.2.1",
        "debug": "^4.4.0",
        "depd": "^2.0.0",
        "encodeurl": "^2.0.0",
        "escape-html": "^1.0.3",
        "etag": "^1.8.1",
        "finalhandler": "^2.1.0",
        "fresh": "^2.0.0",
        "http-errors": "^2.0.0",
        "merge-descriptors": "^2.0.0",
        "mime-types": "^3.0.0",
        "on-finished": "^2.4.1",
        "qs": "^6.14.0",
        "type-is": "^2.0.1",
        "vary": "^1.1.2"
      },
      "engines": {
        "node": ">= 18"
      }
    },
    "node_modules/multer": {
      "version": "2.1.0",
      "resolved": "https://registry.npmjs.org/multer/-/multer-2.1.0.tgz",
      "integrity": "sha512-TBm6j41rxNohqawsxlsWsNNh/VdV4QFXcBvRcPhXaA05EZ79z0qJ2bQFpync6JBoHTeNY5Q1JpG7AlTjdlfAEA==",
      "dependencies": {
        "append-field": "^1.0.0",
        "busboy": "^1.6.0",
        "concat-stream": "^2.0.0",
        "type-is": "^1.6.18"
      },
      "engines": {
        "node": ">= 10.16.0"
      }
    },
    "node_modules/pg": {
      "version": "8.20.0",
      "resolved": "https://registry.npmjs.org/pg/-/pg-8.20.0.tgz",
      "integrity": "sha512-XXXXXXXXXXXXXXXXXXXXXXXXXXXX", 
      "engines": {
        "node": ">=10"
      }
    }
  }
}